
Microsoft Visual Studio Solution File, Format Version 12.00
# Visual Studio Version 16
VisualStudioVersion = 25.0.1706.9
MinimumVisualStudioVersion = 10.0.40219.1
Project("{FAE04EC0-301F-11D3-BF4B-00C04F79EFBC}") = "mongodbvericekme", "mongodbvericekme.csproj", "{95EAF360-FFD1-4457-85D5-02B1D599139B}"
EndProject
Global
	GlobalSection(SolutionConfigurationPlatforms) = preSolution
		Debug|Any CPU = Debug|Any CPU
		Release|Any CPU = Release|Any CPU
	EndGlobalSection
	GlobalSection(ProjectConfigurationPlatforms) = postSolution
		{95EAF360-FFD1-4457-85D5-02B1D599139B}.Debug|Any CPU.ActiveCfg = Debug|Any CPU
		{95EAF360-FFD1-4457-85D5-02B1D599139B}.Debug|Any CPU.Build.0 = Debug|Any CPU
		{95EAF360-FFD1-4457-85D5-02B1D599139B}.Release|Any CPU.ActiveCfg = Release|Any CPU
		{95EAF360-FFD1-4457-85D5-02B1D599139B}.Release|Any CPU.Build.0 = Release|Any CPU
	EndGlobalSection
	GlobalSection(SolutionProperties) = preSolution
		HideSolutionNode = FALSE
	EndGlobalSection
	GlobalSection(ExtensibilityGlobals) = postSolution
		SolutionGuid = {3B719A8C-A283-44FF-AE45-148C2D6706CA}
	EndGlobalSection
EndGlobal
